# This file is generated by running "yarn install" inside your project.
# Manual changes might be lost - proceed with caution!

__metadata:
  version: 5
  cacheKey: 8

"@lit/reactive-element@npm:^1.0.0":
  version: 1.0.2
  resolution: "@lit/reactive-element@npm:1.0.2"
  checksum: 105fd68b5fb23dec75ea0e273ebbe94272639db4f8a41a4764eef7c9c172ac498c6c4a658d8e9b20006dc543f86a7d0061267f84096dbf980c300b79bd5adcf2
  languageName: node
  linkType: hard

"@maxim_mazurok/gapi.client.sheets@npm:latest":
  version: 4.0.20211214
  resolution: "@maxim_mazurok/gapi.client.sheets@npm:4.0.20211214"
  dependencies:
    "@types/gapi.client": "*"
  checksum: 7696b9ef92e0e4475ab0871d7fa15c11b74cad1b561b0d67af4c3d1729a95cff45fffe02e8a5c9f8e82fa82117eda2aef39278fe6961639ad54dff7cc9269452
  languageName: node
  linkType: hard

"@open-wc/dedupe-mixin@npm:^1.3.0":
  version: 1.3.0
  resolution: "@open-wc/dedupe-mixin@npm:1.3.0"
  checksum: 6c957d705a0ee96c46282b95267eab0365265e90109b2da95b51c5384b730c4823fb426f99a0cc10465826250bd6466199af80ad7257a4aacdd9bcb997b4cab3
  languageName: node
  linkType: hard

"@polymer/iron-flex-layout@npm:^3.0.0-pre.26":
  version: 3.0.1
  resolution: "@polymer/iron-flex-layout@npm:3.0.1"
  dependencies:
    "@polymer/polymer": ^3.0.0
  checksum: bdfe717831ac9e7df475ae85a6b9c2cfa2fc5cdd8416f51f2707ec29a52f28b103868e33949751a65cea72c5ecf913d59c8b613ae1253c39565614348404d8e1
  languageName: node
  linkType: hard

"@polymer/iron-icon@npm:^3.0.0":
  version: 3.0.1
  resolution: "@polymer/iron-icon@npm:3.0.1"
  dependencies:
    "@polymer/iron-flex-layout": ^3.0.0-pre.26
    "@polymer/iron-meta": ^3.0.0-pre.26
    "@polymer/polymer": ^3.0.0
  checksum: b0a08d6e3868c96701c67fa1ac2908dacbe7ed473c230f321976512b6c841d674867b7f447324266d0943991abfbea5a2f1a99d57ebc7049e02021b5958bed2c
  languageName: node
  linkType: hard

"@polymer/iron-iconset-svg@npm:^3.0.0":
  version: 3.0.1
  resolution: "@polymer/iron-iconset-svg@npm:3.0.1"
  dependencies:
    "@polymer/iron-meta": ^3.0.0-pre.26
    "@polymer/polymer": ^3.0.0
  checksum: 81d14a4eb5d79d8d35b2744834aa56c2bf10eb1af5c5aaf363cb087eaac9539ea8fef3ed1a66204e7ec694fb8579b7fd9bbd1d83223782550ca4558cd6de2adb
  languageName: node
  linkType: hard

"@polymer/iron-meta@npm:^3.0.0-pre.26":
  version: 3.0.1
  resolution: "@polymer/iron-meta@npm:3.0.1"
  dependencies:
    "@polymer/polymer": ^3.0.0
  checksum: 0bd49f27f0e0f7241083b0e6e1e262b96a2371ba4d8cf70174b320f12245c219973702f6ba5144453ab4754f28667854000bcbe0772817ab9bbaeecdb472e47e
  languageName: node
  linkType: hard

"@polymer/iron-resizable-behavior@npm:^3.0.0":
  version: 3.0.1
  resolution: "@polymer/iron-resizable-behavior@npm:3.0.1"
  dependencies:
    "@polymer/polymer": ^3.0.0
  checksum: 2adf29387b5253a011438aadff3fbc8027814e0f3bd410baf25242f3fc300664425e38844f1de48e5a161d8c242d9cf08f092c1095560d360c1ed6e01707a24e
  languageName: node
  linkType: hard

"@polymer/polymer@npm:^3.0.0":
  version: 3.4.1
  resolution: "@polymer/polymer@npm:3.4.1"
  dependencies:
    "@webcomponents/shadycss": ^1.9.1
  checksum: 0f80eb8af291ac900d93daac36be2ec98ebb618df3e9ef6e904742ffbd9c82132373082953ddda67d68f32c4a17fafc311ba496b56937535c3f4eb360b55fd51
  languageName: node
  linkType: hard

"@types/gapi.auth2@npm:^0.0.55":
  version: 0.0.55
  resolution: "@types/gapi.auth2@npm:0.0.55"
  dependencies:
    "@types/gapi": "*"
  checksum: e6afb5d350360d0db698ac5eccf2fb62f61acdf973d63374a423ce8f270a8d113da4bd1e189f7331269336a4af2725eb0f85a049569e602b4dc11575eb109f74
  languageName: node
  linkType: hard

"@types/gapi.client.sheets@npm:^4.0.20201029":
  version: 4.0.20201029
  resolution: "@types/gapi.client.sheets@npm:4.0.20201029"
  dependencies:
    "@maxim_mazurok/gapi.client.sheets": latest
  checksum: a23f0b9021c53f15e34083acb85acf3e29b3ff9c256c0476786a6db7c877f7e8dc34cd3a694d91a9af142f3da47852cc376b5666dbf4fcf68414a70df964a295
  languageName: node
  linkType: hard

"@types/gapi.client@npm:*":
  version: 1.0.5
  resolution: "@types/gapi.client@npm:1.0.5"
  checksum: 2e85b381b45e290de13052e108e4281c0966065db085c3b4294cd801c9425f8ad37b38f76f6a1f404a963fa326564bed953db3352c933c4f417fa209ff4d3c0c
  languageName: node
  linkType: hard

"@types/gapi@npm:*, @types/gapi@npm:^0.0.41":
  version: 0.0.41
  resolution: "@types/gapi@npm:0.0.41"
  checksum: 1fcb42de9ffcdc736de6c986c987c8d18471371fb876a9f3c4df29fbb51ac7a1e1c4daca4c852eae832f59072b190f1639fc75bd307d33c6db9f9fad85f7eaff
  languageName: node
  linkType: hard

"@types/trusted-types@npm:^2.0.2":
  version: 2.0.2
  resolution: "@types/trusted-types@npm:2.0.2"
  checksum: 3371eef5f1c50e1c3c07a127c1207b262ba65b83dd167a1c460fc1b135a3fb0c97b9f508efebd383f239cc5dd5b7169093686a692a501fde9c3f7208657d9b0d
  languageName: node
  linkType: hard

"@vaadin/combo-box@npm:^22.0.2":
  version: 22.0.2
  resolution: "@vaadin/combo-box@npm:22.0.2"
  dependencies:
    "@open-wc/dedupe-mixin": ^1.3.0
    "@polymer/iron-resizable-behavior": ^3.0.0
    "@polymer/polymer": ^3.0.0
    "@vaadin/component-base": ^22.0.2
    "@vaadin/field-base": ^22.0.2
    "@vaadin/input-container": ^22.0.2
    "@vaadin/item": ^22.0.2
    "@vaadin/vaadin-lumo-styles": ^22.0.2
    "@vaadin/vaadin-material-styles": ^22.0.2
    "@vaadin/vaadin-overlay": ^22.0.2
    "@vaadin/vaadin-themable-mixin": ^22.0.2
  checksum: ff9f63b9490a36d7c1a1f0c00de782590f4ed63c2aece6d76c0286ce69ca34594acb557956e922da23935d9844ddcccede4e78866d28f5d31a4dce173c2d2c7e
  languageName: node
  linkType: hard

"@vaadin/component-base@npm:^22.0.2":
  version: 22.0.2
  resolution: "@vaadin/component-base@npm:22.0.2"
  dependencies:
    "@open-wc/dedupe-mixin": ^1.3.0
    "@polymer/polymer": ^3.0.0
    "@vaadin/vaadin-development-mode-detector": ^2.0.0
    "@vaadin/vaadin-usage-statistics": ^2.1.0
    lit: ^2.0.0
  checksum: e90c9e101895d412a4127ec983328106677e6795bf6a8bb68bcfcd89956b6b6ba8908a6635a70971ce01a6785aba174a1df9b881fabd37bdb618f84e07b2a1c0
  languageName: node
  linkType: hard

"@vaadin/field-base@npm:^22.0.2":
  version: 22.0.2
  resolution: "@vaadin/field-base@npm:22.0.2"
  dependencies:
    "@open-wc/dedupe-mixin": ^1.3.0
    "@polymer/polymer": ^3.0.0
    "@vaadin/component-base": ^22.0.2
    lit: ^2.0.0
  checksum: cb20c64d15e15261765b4cd2f594111e19ec8224ee65d855672c9e0cd4c768c648a85d217dc757faecd205b1ec211efc40faf051406b1941aec443d1975701a7
  languageName: node
  linkType: hard

"@vaadin/icon@npm:^22.0.2":
  version: 22.0.2
  resolution: "@vaadin/icon@npm:22.0.2"
  dependencies:
    "@polymer/polymer": ^3.0.0
    "@vaadin/component-base": ^22.0.2
    "@vaadin/vaadin-lumo-styles": ^22.0.2
    "@vaadin/vaadin-themable-mixin": ^22.0.2
    lit: ^2.0.0
  checksum: c4a559192665bbe8599230ae8faf4cc625f4661df50001070b7fcf7bab1df09ee4d0ebc8418297459010c5a7a73075a2b68ae6849864b76125dd20e17464f701
  languageName: node
  linkType: hard

"@vaadin/input-container@npm:^22.0.2":
  version: 22.0.2
  resolution: "@vaadin/input-container@npm:22.0.2"
  dependencies:
    "@polymer/polymer": ^3.0.0
    "@vaadin/component-base": ^22.0.2
    "@vaadin/vaadin-lumo-styles": ^22.0.2
    "@vaadin/vaadin-material-styles": ^22.0.2
    "@vaadin/vaadin-themable-mixin": ^22.0.2
  checksum: eb6828d3ece12061c5db0de6bfc4067f34edae1bcdac004e1e92a113e2a4f56e4ef449466a78dd0fca56463da0bcca490bafaf37588eddf1d47d69d247f60ad8
  languageName: node
  linkType: hard

"@vaadin/item@npm:^22.0.2":
  version: 22.0.2
  resolution: "@vaadin/item@npm:22.0.2"
  dependencies:
    "@open-wc/dedupe-mixin": ^1.3.0
    "@polymer/polymer": ^3.0.0
    "@vaadin/component-base": ^22.0.2
    "@vaadin/vaadin-lumo-styles": ^22.0.2
    "@vaadin/vaadin-material-styles": ^22.0.2
    "@vaadin/vaadin-themable-mixin": ^22.0.2
  checksum: 12bf0d928ddf55462b46b9a514627c33b3a4d16450dc9af93b5e01308f5ffe8b0344025920c3429718f5f1b94d70249da7454e877cab571cb3b7f0afefb67347
  languageName: node
  linkType: hard

"@vaadin/vaadin-combo-box@npm:^22.0.2":
  version: 22.0.2
  resolution: "@vaadin/vaadin-combo-box@npm:22.0.2"
  dependencies:
    "@vaadin/combo-box": ^22.0.2
  checksum: 7a8c3782aafba959b6e1f4c5bd0ccd58282cdde52777908c48fbd3894fd26ff578bdfa9cd6ae3307ca340944d5441bf99489b17e0499716d1c9d69206a3a81bc
  languageName: node
  linkType: hard

"@vaadin/vaadin-development-mode-detector@npm:^2.0.0":
  version: 2.0.4
  resolution: "@vaadin/vaadin-development-mode-detector@npm:2.0.4"
  checksum: c3c1993939ed677bf43d8d8704784bbefbe0e2e4c5852580bfc3170b4b02e0838aa9a7c300b4c23c6fc1835b0549876bbb12cb811d55d886cb87cf3c995d34e9
  languageName: node
  linkType: hard

"@vaadin/vaadin-lumo-styles@npm:^22.0.2":
  version: 22.0.2
  resolution: "@vaadin/vaadin-lumo-styles@npm:22.0.2"
  dependencies:
    "@polymer/iron-icon": ^3.0.0
    "@polymer/iron-iconset-svg": ^3.0.0
    "@polymer/polymer": ^3.0.0
    "@vaadin/icon": ^22.0.2
    "@vaadin/vaadin-themable-mixin": ^22.0.2
  checksum: a99d0402108e553601b55f6e97a565fd5c035fdec9c92b3528cd9d3aaf967a41f503e33c2f474db50d52df6718212bf3da0ca2a579fcd594400f423f03610532
  languageName: node
  linkType: hard

"@vaadin/vaadin-material-styles@npm:^22.0.2":
  version: 22.0.2
  resolution: "@vaadin/vaadin-material-styles@npm:22.0.2"
  dependencies:
    "@polymer/polymer": ^3.0.0
    "@vaadin/vaadin-themable-mixin": ^22.0.2
  checksum: ef2f73ce226ea3f0aa45d228baec3051550350bd1de19a2d533e4b08e448a5e2d0f8666f4e669deea46af5f536b5c26fe598eb3335d9df3bb1529e1d22df36dd
  languageName: node
  linkType: hard

"@vaadin/vaadin-overlay@npm:^22.0.2":
  version: 22.0.2
  resolution: "@vaadin/vaadin-overlay@npm:22.0.2"
  dependencies:
    "@polymer/polymer": ^3.0.0
    "@vaadin/component-base": ^22.0.2
    "@vaadin/vaadin-lumo-styles": ^22.0.2
    "@vaadin/vaadin-material-styles": ^22.0.2
    "@vaadin/vaadin-themable-mixin": ^22.0.2
  checksum: 229ea664f9f85b3b728b7a8a27a82e00204fec6008453062c461493f42ceed547e6ab440f3f81a4e1c57fc170934415798808fd9beb395d69a7afaa676035c32
  languageName: node
  linkType: hard

"@vaadin/vaadin-themable-mixin@npm:^22.0.2":
  version: 22.0.2
  resolution: "@vaadin/vaadin-themable-mixin@npm:22.0.2"
  dependencies:
    "@open-wc/dedupe-mixin": ^1.3.0
    lit: ^2.0.0
  checksum: f230ea888758cdf63075d8b0fe1301496e440af45bef267545d8380d55f25952bed94187f49c367aedb7a251940ce60faa50e09bb93505d3bddcffe5079bef68
  languageName: node
  linkType: hard

"@vaadin/vaadin-usage-statistics@npm:^2.1.0":
  version: 2.1.0
  resolution: "@vaadin/vaadin-usage-statistics@npm:2.1.0"
  dependencies:
    "@vaadin/vaadin-development-mode-detector": ^2.0.0
  checksum: 283472c7ead7a7620b45db8f980c0e146c9f73702af8b5b945ad717ae9d56856815cee1a1bce11b50ab799d27145a5caacfb53b8acf608c2d3d227f2106c3341
  languageName: node
  linkType: hard

"@webcomponents/shadycss@npm:^1.9.1":
  version: 1.11.0
  resolution: "@webcomponents/shadycss@npm:1.11.0"
  checksum: 4c02f0c59f498c8a9dc202101e66b2591162e26fd91daed4eec9cb966c1cf9ae5a16ec42db8da7edfa7a87f3f4806a1dd36659c23b32b248d3f4cfd2d841d4b1
  languageName: node
  linkType: hard

"@yarnpkg/esbuild-plugin-pnp@npm:^2.0.0":
  version: 2.0.0
  resolution: "@yarnpkg/esbuild-plugin-pnp@npm:2.0.0"
  dependencies:
    tslib: ^1.13.0
  peerDependencies:
    esbuild: ">=0.10.0"
  checksum: 7b98034f4c0931aa15e9cb2c77c5c485d89df3af31f1ea8223411f8880a2fbe88377d9f71ff45c04aecbcc8b2b47e167991a0f948dc2ec1f4a6ee026fea1fe9d
  languageName: node
  linkType: hard

"esbuild-android-arm64@npm:0.14.6":
  version: 0.14.6
  resolution: "esbuild-android-arm64@npm:0.14.6"
  conditions: os=android & cpu=arm64
  languageName: node
  linkType: hard

"esbuild-darwin-64@npm:0.14.6":
  version: 0.14.6
  resolution: "esbuild-darwin-64@npm:0.14.6"
  conditions: os=darwin & cpu=x64
  languageName: node
  linkType: hard

"esbuild-darwin-arm64@npm:0.14.6":
  version: 0.14.6
  resolution: "esbuild-darwin-arm64@npm:0.14.6"
  conditions: os=darwin & cpu=arm64
  languageName: node
  linkType: hard

"esbuild-freebsd-64@npm:0.14.6":
  version: 0.14.6
  resolution: "esbuild-freebsd-64@npm:0.14.6"
  conditions: os=freebsd & cpu=x64
  languageName: node
  linkType: hard

"esbuild-freebsd-arm64@npm:0.14.6":
  version: 0.14.6
  resolution: "esbuild-freebsd-arm64@npm:0.14.6"
  conditions: os=freebsd & cpu=arm64
  languageName: node
  linkType: hard

"esbuild-linux-32@npm:0.14.6":
  version: 0.14.6
  resolution: "esbuild-linux-32@npm:0.14.6"
  conditions: os=linux & cpu=ia32
  languageName: node
  linkType: hard

"esbuild-linux-64@npm:0.14.6":
  version: 0.14.6
  resolution: "esbuild-linux-64@npm:0.14.6"
  conditions: os=linux & cpu=x64
  languageName: node
  linkType: hard

"esbuild-linux-arm64@npm:0.14.6":
  version: 0.14.6
  resolution: "esbuild-linux-arm64@npm:0.14.6"
  conditions: os=linux & cpu=arm64
  languageName: node
  linkType: hard

"esbuild-linux-arm@npm:0.14.6":
  version: 0.14.6
  resolution: "esbuild-linux-arm@npm:0.14.6"
  conditions: os=linux & cpu=arm
  languageName: node
  linkType: hard

"esbuild-linux-mips64le@npm:0.14.6":
  version: 0.14.6
  resolution: "esbuild-linux-mips64le@npm:0.14.6"
  conditions: os=linux & cpu=mips64el
  languageName: node
  linkType: hard

"esbuild-linux-ppc64le@npm:0.14.6":
  version: 0.14.6
  resolution: "esbuild-linux-ppc64le@npm:0.14.6"
  conditions: os=linux & cpu=ppc64
  languageName: node
  linkType: hard

"esbuild-netbsd-64@npm:0.14.6":
  version: 0.14.6
  resolution: "esbuild-netbsd-64@npm:0.14.6"
  conditions: os=netbsd & cpu=x64
  languageName: node
  linkType: hard

"esbuild-openbsd-64@npm:0.14.6":
  version: 0.14.6
  resolution: "esbuild-openbsd-64@npm:0.14.6"
  conditions: os=openbsd & cpu=x64
  languageName: node
  linkType: hard

"esbuild-sunos-64@npm:0.14.6":
  version: 0.14.6
  resolution: "esbuild-sunos-64@npm:0.14.6"
  conditions: os=sunos & cpu=x64
  languageName: node
  linkType: hard

"esbuild-windows-32@npm:0.14.6":
  version: 0.14.6
  resolution: "esbuild-windows-32@npm:0.14.6"
  conditions: os=win32 & cpu=ia32
  languageName: node
  linkType: hard

"esbuild-windows-64@npm:0.14.6":
  version: 0.14.6
  resolution: "esbuild-windows-64@npm:0.14.6"
  conditions: os=win32 & cpu=x64
  languageName: node
  linkType: hard

"esbuild-windows-arm64@npm:0.14.6":
  version: 0.14.6
  resolution: "esbuild-windows-arm64@npm:0.14.6"
  conditions: os=win32 & cpu=arm64
  languageName: node
  linkType: hard

"esbuild@npm:^0.14.6":
  version: 0.14.6
  resolution: "esbuild@npm:0.14.6"
  dependencies:
    esbuild-android-arm64: 0.14.6
    esbuild-darwin-64: 0.14.6
    esbuild-darwin-arm64: 0.14.6
    esbuild-freebsd-64: 0.14.6
    esbuild-freebsd-arm64: 0.14.6
    esbuild-linux-32: 0.14.6
    esbuild-linux-64: 0.14.6
    esbuild-linux-arm: 0.14.6
    esbuild-linux-arm64: 0.14.6
    esbuild-linux-mips64le: 0.14.6
    esbuild-linux-ppc64le: 0.14.6
    esbuild-netbsd-64: 0.14.6
    esbuild-openbsd-64: 0.14.6
    esbuild-sunos-64: 0.14.6
    esbuild-windows-32: 0.14.6
    esbuild-windows-64: 0.14.6
    esbuild-windows-arm64: 0.14.6
  dependenciesMeta:
    esbuild-android-arm64:
      optional: true
    esbuild-darwin-64:
      optional: true
    esbuild-darwin-arm64:
      optional: true
    esbuild-freebsd-64:
      optional: true
    esbuild-freebsd-arm64:
      optional: true
    esbuild-linux-32:
      optional: true
    esbuild-linux-64:
      optional: true
    esbuild-linux-arm:
      optional: true
    esbuild-linux-arm64:
      optional: true
    esbuild-linux-mips64le:
      optional: true
    esbuild-linux-ppc64le:
      optional: true
    esbuild-netbsd-64:
      optional: true
    esbuild-openbsd-64:
      optional: true
    esbuild-sunos-64:
      optional: true
    esbuild-windows-32:
      optional: true
    esbuild-windows-64:
      optional: true
    esbuild-windows-arm64:
      optional: true
  bin:
    esbuild: bin/esbuild
  checksum: d5c0d47d688caf7e91da55131b66d9e649d0770da53d4e81d62bba3b2d7df2a3f89487a565a91fada9659ba66977aad47230199776e0f7eb54293c631bd574f2
  languageName: node
  linkType: hard

"homeopati@workspace:.":
  version: 0.0.0-use.local
  resolution: "homeopati@workspace:."
  dependencies:
    "@types/gapi": ^0.0.41
    "@types/gapi.auth2": ^0.0.55
    "@types/gapi.client.sheets": ^4.0.20201029
    "@vaadin/vaadin-combo-box": ^22.0.2
    "@yarnpkg/esbuild-plugin-pnp": ^2.0.0
    esbuild: ^0.14.6
    lit: ^2.0.2
    typescript: ^4.5.4
  languageName: unknown
  linkType: soft

"lit-element@npm:^3.0.0":
  version: 3.0.2
  resolution: "lit-element@npm:3.0.2"
  dependencies:
    "@lit/reactive-element": ^1.0.0
    lit-html: ^2.0.0
  checksum: 7d7ffa7ce6f524eabd540181b52c2663686d53e9cc5593af0a3f72740f526091265d209779f4bae5f8da4d1850fe1ebf9e8d337cc54108d1a1c54feca6337c3c
  languageName: node
  linkType: hard

"lit-html@npm:^2.0.0":
  version: 2.0.2
  resolution: "lit-html@npm:2.0.2"
  dependencies:
    "@types/trusted-types": ^2.0.2
  checksum: e709e863dabbfb2a21b773dc17a6071b0cfeb683b4fda0f78b979cb60038dfa7057ca4cb48314915e638f4d1eefce40a22de438518fbb71a0a08d6ef150830c9
  languageName: node
  linkType: hard

"lit@npm:^2.0.0, lit@npm:^2.0.2":
  version: 2.0.2
  resolution: "lit@npm:2.0.2"
  dependencies:
    "@lit/reactive-element": ^1.0.0
    lit-element: ^3.0.0
    lit-html: ^2.0.0
  checksum: 52a04b25164da1683c7295b305087794f175165cd1561e03f0c50ae998823f0e26101c82add05dea773e35472fbe3ed84486a4685294897f588d126fe8419e05
  languageName: node
  linkType: hard

"tslib@npm:^1.13.0":
  version: 1.14.1
  resolution: "tslib@npm:1.14.1"
  checksum: dbe628ef87f66691d5d2959b3e41b9ca0045c3ee3c7c7b906cc1e328b39f199bb1ad9e671c39025bd56122ac57dfbf7385a94843b1cc07c60a4db74795829acd
  languageName: node
  linkType: hard

"typescript@npm:^4.5.4":
  version: 4.5.4
  resolution: "typescript@npm:4.5.4"
  bin:
    tsc: bin/tsc
    tsserver: bin/tsserver
  checksum: 59f3243f9cd6fe3161e6150ff6bf795fc843b4234a655dbd938a310515e0d61afd1ac942799e7415e4334255e41c2c49b7dd5d9fd38a17acd25a6779ca7e0961
  languageName: node
  linkType: hard

"typescript@patch:typescript@^4.5.4#~builtin<compat/typescript>":
  version: 4.5.4
  resolution: "typescript@patch:typescript@npm%3A4.5.4#~builtin<compat/typescript>::version=4.5.4&hash=de8f8a"
  bin:
    tsc: bin/tsc
    tsserver: bin/tsserver
  checksum: eda87927f9cfb94aca9b5e47842daf37347ad3073133e17f556fbb6c18f3493c5b551eedab0f4b26774235ddb7acbe0087250d5285f72ce6819a0891dd5a74ed
  languageName: node
  linkType: hard
